// !$*UTF8*$!
{
	archiveVersion = 1;
	classes = {
	};
	objectVersion = 46;
	objects = {

/* Begin PBXBuildFile section */
		408533EED21F8BFCD38D1EF9 /* Pods_thumblr.framework in Frameworks */ = {isa = PBXBuildFile; fileRef = 7F65B754AB3FDCA9551D2CA9 /* Pods_thumblr.framework */; };
		6766BCBA1E43DB1C00E9479A /* AppDelegate.swift in Sources */ = {isa = PBXBuildFile; fileRef = 6766BCB91E43DB1C00E9479A /* AppDelegate.swift */; };
		6766BCBF1E43DB2100E9479A /* Main.storyboard in Resources */ = {isa = PBXBuildFile; fileRef = 6766BCBD1E43DB2100E9479A /* Main.storyboard */; };
		6766BCC11E43DB2300E9479A /* Assets.xcassets in Resources */ = {isa = PBXBuildFile; fileRef = 6766BCC01E43DB2300E9479A /* Assets.xcassets */; };
		6766BCC41E43DB2300E9479A /* LaunchScreen.storyboard in Resources */ = {isa = PBXBuildFile; fileRef = 6766BCC21E43DB2300E9479A /* LaunchScreen.storyboard */; };
		6766BCCE1E43DFF200E9479A /* PhotosViewController.swift in Sources */ = {isa = PBXBuildFile; fileRef = 6766BCCD1E43DFF200E9479A /* PhotosViewController.swift */; };
		6766BCD21E43E26500E9479A /* PhotoCell.swift in Sources */ = {isa = PBXBuildFile; fileRef = 6766BCD11E43E26500E9479A /* PhotoCell.swift */; };
/* End PBXBuildFile section */

/* Begin PBXFileReference section */
		27ACC3E1D0DBBAED760DAC6D /* Pods-thumblr.debug.xcconfig */ = {isa = PBXFileReference; includeInIndex = 1; lastKnownFileType = text.xcconfig; name = "Pods-thumblr.debug.xcconfig"; path = "Pods/Target Support Files/Pods-thumblr/Pods-thumblr.debug.xcconfig"; sourceTree = "<group>"; };
		6766BCB61E43DB1B00E9479A /* thumblr.app */ = {isa = PBXFileReference; explicitFileType = wrapper.application; includeInIndex = 0; path = thumblr.app; sourceTree = BUILT_PRODUCTS_DIR; };
		6766BCB91E43DB1C00E9479A /* AppDelegate.swift */ = {isa = PBXFileReference; lastKnownFileType = sourcecode.swift; path = AppDelegate.swift; sourceTree = "<group>"; };
		6766BCBE1E43DB2100E9479A /* Base */ = {isa = PBXFileReference; lastKnownFileType = file.storyboard; name = Base; path = Base.lproj/Main.storyboard; sourceTree = "<group>"; };
		6766BCC01E43DB2300E9479A /* Assets.xcassets */ = {isa = PBXFileReference; lastKnownFileType = folder.assetcatalog; path = Assets.xcassets; sourceTree = "<group>"; };
		6766BCC31E43DB2300E9479A /* Base */ = {isa = PBXFileReference; lastKnownFileType = file.storyboard; name = Base; path = Base.lproj/LaunchScreen.storyboard; sourceTree = "<group>"; };
		6766BCC51E43DB2300E9479A /* Info.plist */ = {isa = PBXFileReference; lastKnownFileType = text.plist.xml; path = Info.plist; sourceTree = "<group>"; };
		6766BCCD1E43DFF200E9479A /* PhotosViewController.swift */ = {isa = PBXFileReference; fileEncoding = 4; lastKnownFileType = sourcecode.swift; path = PhotosViewController.swift; sourceTree = "<group>"; };
		6766BCD11E43E26500E9479A /* PhotoCell.swift */ = {isa = PBXFileReference; fileEncoding = 4; lastKnownFileType = sourcecode.swift; path = PhotoCell.swift; sourceTree = "<group>"; };
		7F65B754AB3FDCA9551D2CA9 /* Pods_thumblr.framework */ = {isa = PBXFileReference; explicitFileType = wrapper.framework; includeInIndex = 0; path = Pods_thumblr.framework; sourceTree = BUILT_PRODUCTS_DIR; };
		B15057802FD514E6DB2A04D8 /* Pods-thumblr.release.xcconfig */ = {isa = PBXFileReference; includeInIndex = 1; lastKnownFileType = text.xcconfig; name = "Pods-thumblr.release.xcconfig"; path = "Pods/Target Support Files/Pods-thumblr/Pods-thumblr.release.xcconfig"; sourceTree = "<group>"; };
/* End PBXFileReference section */

/* Begin PBXFrameworksBuildPhase section */
		6766BCB31E43DB1900E9479A /* Frameworks */ = {
			isa = PBXFrameworksBuildPhase;
			buildActionMask = 2147483647;
			files = (
				408533EED21F8BFCD38D1EF9 /* Pods_thumblr.framework in Frameworks */,
			);
			runOnlyForDeploymentPostprocessing = 0;
		};
/* End PBXFrameworksBuildPhase section */

/* Begin PBXGroup section */
		12604860D86A6F68D1B5E625 /* Frameworks */ = {
			isa = PBXGroup;
			children = (
				7F65B754AB3FDCA9551D2CA9 /* Pods_thumblr.framework */,
			);
			name = Frameworks;
			sourceTree = "<group>";
		};
		6766BCAD1E43DB1400E9479A = {
			isa = PBXGroup;
			children = (
				6766BCB81E43DB1B00E9479A /* thumblr */,
				6766BCB71E43DB1B00E9479A /* Products */,
				A7487042E0F14D1B74166C04 /* Pods */,
				12604860D86A6F68D1B5E625 /* Frameworks */,
			);
			sourceTree = "<group>";
		};
		6766BCB71E43DB1B00E9479A /* Products */ = {
			isa = PBXGroup;
			children = (
				6766BCB61E43DB1B00E9479A /* thumblr.app */,
			);
			name = Products;
			sourceTree = "<group>";
		};
		6766BCB81E43DB1B00E9479A /* thumblr */ = {
			isa = PBXGroup;
			children = (
				6766BCD01E43E22A00E9479A /* ViewCell */,
				6766BCCF1E43E22200E9479A /* ViewController */,
				6766BCB91E43DB1C00E9479A /* AppDelegate.swift */,
				6766BCBD1E43DB2100E9479A /* Main.storyboard */,
				6766BCC01E43DB2300E9479A /* Assets.xcassets */,
				6766BCC21E43DB2300E9479A /* LaunchScreen.storyboard */,
				6766BCC51E43DB2300E9479A /* Info.plist */,
			);
			path = thumblr;
			sourceTree = "<group>";
		};
		6766BCCF1E43E22200E9479A /* ViewController */ = {
			isa = PBXGroup;
			children = (
				6766BCCD1E43DFF200E9479A /* PhotosViewController.swift */,
			);
			name = ViewController;
			sourceTree = "<group>";
		};
		6766BCD01E43E22A00E9479A /* ViewCell */ = {
			isa = PBXGroup;
			children = (
				6766BCD11E43E26500E9479A /* PhotoCell.swift */,
			);
			name = ViewCell;
			sourceTree = "<group>";
		};
		A7487042E0F14D1B74166C04 /* Pods */ = {
			isa = PBXGroup;
			children = (
				27ACC3E1D0DBBAED760DAC6D /* Pods-thumblr.debug.xcconfig */,
				B15057802FD514E6DB2A04D8 /* Pods-thumblr.release.xcconfig */,
			);
			name = Pods;
			sourceTree = "<group>";
		};
/* End PBXGroup section */

/* Begin PBXNativeTarget section */
		6766BCB51E43DB1900E9479A /* thumblr */ = {
			isa = PBXNativeTarget;
			buildConfigurationList = 6766BCC81E43DB2400E9479A /* Build configuration list for PBXNativeTarget "thumblr" */;
			buildPhases = (
				1DDB76CB18FCB1F9BF25A240 /* [CP] Check Pods Manifest.lock */,
				6766BCB21E43DB1900E9479A /* Sources */,
				6766BCB31E43DB1900E9479A /* Frameworks */,
				6766BCB41E43DB1900E9479A /* Resources */,
				C3153B5A58C50E5B3C3A86EA /* [CP] Embed Pods Frameworks */,
				2F78F49F8795BD67D4CD07D1 /* [CP] Copy Pods Resources */,
			);
			buildRules = (
			);
			dependencies = (
			);
			name = thumblr;
			productName = thumblr;
			productReference = 6766BCB61E43DB1B00E9479A /* thumblr.app */;
			productType = "com.apple.product-type.application";
		};
/* End PBXNativeTarget section */

/* Begin PBXProject section */
		6766BCAE1E43DB1500E9479A /* Project object */ = {
			isa = PBXProject;
			attributes = {
				LastSwiftUpdateCheck = 0820;
				LastUpgradeCheck = 0820;
				ORGANIZATIONNAME = "Chi Hon Law";
				TargetAttributes = {
					6766BCB51E43DB1900E9479A = {
						CreatedOnToolsVersion = 8.2.1;
						DevelopmentTeam = NQTW4CBNTU;
						ProvisioningStyle = Automatic;
					};
				};
			};
			buildConfigurationList = 6766BCB11E43DB1600E9479A /* Build configuration list for PBXProject "thumblr" */;
			compatibilityVersion = "Xcode 3.2";
			developmentRegion = English;
			hasScannedForEncodings = 0;
			knownRegions = (
				en,
				Base,
			);
			mainGroup = 6766BCAD1E43DB1400E9479A;
			productRefGroup = 6766BCB71E43DB1B00E9479A /* Products */;
			projectDirPath = "";
			projectRoot = "";
			targets = (
				6766BCB51E43DB1900E9479A /* thumblr */,
			);
		};
/* End PBXProject section */

/* Begin PBXResourcesBuildPhase section */
		6766BCB41E43DB1900E9479A /* Resources */ = {
			isa = PBXResourcesBuildPhase;
			buildActionMask = 2147483647;
			files = (
				6766BCC41E43DB2300E9479A /* LaunchScreen.storyboard in Resources */,
				6766BCC11E43DB2300E9479A /* Assets.xcassets in Resources */,
				6766BCBF1E43DB2100E9479A /* Main.storyboard in Resources */,
			);
			runOnlyForDeploymentPostprocessing = 0;
		};
/* End PBXResourcesBuildPhase section */

/* Begin PBXShellScriptBuildPhase section */
		1DDB76CB18FCB1F9BF25A240 /* [CP] Check Pods Manifest.lock */ = {
			isa = PBXShellScriptBuildPhase;
			buildActionMask = 2147483647;
			files = (
			);
			inputPaths = (
			);
			name = "[CP] Check Pods Manifest.lock";
			outputPaths = (
			);
			runOnlyForDeploymentPostprocessing = 0;
			shellPath = /bin/sh;
			shellScript = "diff \"${PODS_ROOT}/../Podfile.lock\" \"${PODS_ROOT}/Manifest.lock\" > /dev/null\nif [ $? != 0 ] ; then\n    # print error to STDERR\n    echo \"error: The sandbox is not in sync with the Podfile.lock. Run 'pod install' or update your CocoaPods installation.\" >&2\n    exit 1\nfi\n";
			showEnvVarsInLog = 0;
		};
		2F78F49F8795BD67D4CD07D1 /* [CP] Copy Pods Resources */ = {
			isa = PBXShellScriptBuildPhase;
			buildActionMask = 2147483647;
			files = (
			);
			inputPaths = (
			);
			name = "[CP] Copy Pods Resources";
			outputPaths = (
			);
			runOnlyForDeploymentPostprocessing = 0;
			shellPath = /bin/sh;
			shellScript = "\"${SRCROOT}/Pods/Target Support Files/Pods-thumblr/Pods-thumblr-resources.sh\"\n";
			showEnvVarsInLog = 0;
		};
		C3153B5A58C50E5B3C3A86EA /* [CP] Embed Pods Frameworks */ = {
			isa = PBXShellScriptBuildPhase;
			buildActionMask = 2147483647;
			files = (
			);
			inputPaths = (
			);
			name = "[CP] Embed Pods Frameworks";
			outputPaths = (
			);
			runOnlyForDeploymentPostprocessing = 0;
			shellPath = /bin/sh;
			shellScript = "\"${SRCROOT}/Pods/Target Support Files/Pods-thumblr/Pods-thumblr-frameworks.sh\"\n";
			showEnvVarsInLog = 0;
		};
/* End PBXShellScriptBuildPhase section */

/* Begin PBXSourcesBuildPhase section */
		6766BCB21E43DB1900E9479A /* Sources */ = {
			isa = PBXSourcesBuildPhase;
			buildActionMask = 2147483647;
			files = (
				6766BCBA1E43DB1C00E9479A /* AppDelegate.swift in Sources */,
				6766BCCE1E43DFF200E9479A /* PhotosViewController.swift in Sources */,
				6766BCD21E43E26500E9479A /* PhotoCell.swift in Sources */,
			);
			runOnlyForDeploymentPostprocessing = 0;
		};
/* End PBXSourcesBuildPhase section */

/* Begin PBXVariantGroup section */
		6766BCBD1E43DB2100E9479A /* Main.storyboard */ = {
			isa = PBXVariantGroup;
			children = (
				6766BCBE1E43DB2100E9479A /* Base */,
			);
			name = Main.storyboard;
			sourceTree = "<group>";
		};
		6766BCC21E43DB2300E9479A /* LaunchScreen.storyboard */ = {
			isa = PBXVariantGroup;
			children = (
				6766BCC31E43DB2300E9479A /* Base */,
			);
			name = LaunchScreen.storyboard;
			sourceTree = "<group>";
		};
/* End PBXVariantGroup section */

/* Begin XCBuildConfiguration section */
		6766BCC61E43DB2300E9479A /* Debug */ = {
			isa = XCBuildConfiguration;
			buildSettings = {
				ALWAYS_SEARCH_USER_PATHS = NO;
				CLANG_ANALYZER_NONNULL = YES;
				CLANG_CXX_LANGUAGE_STANDARD = "gnu++0x";
				CLANG_CXX_LIBRARY = "libc++";
				CLANG_ENABLE_MODULES = YES;
				CLANG_ENABLE_OBJC_ARC = YES;
				CLANG_WARN_BOOL_CONVERSION = YES;
				CLANG_WARN_CONSTANT_CONVERSION = YES;
				CLANG_WARN_DIRECT_OBJC_ISA_USAGE = YES_ERROR;
				CLANG_WARN_DOCUMENTATION_COMMENTS = YES;
				CLANG_WARN_EMPTY_BODY = YES;
				CLANG_WARN_ENUM_CONVERSION = YES;
				CLANG_WARN_INFINITE_RECURSION = YES;
				CLANG_WARN_INT_CONVERSION = YES;
				CLANG_WARN_OBJC_ROOT_CLASS = YES_ERROR;
				CLANG_WARN_SUSPICIOUS_MOVE = YES;
				CLANG_WARN_UNREACHABLE_CODE = YES;
				CLANG_WARN__DUPLICATE_METHOD_MATCH = YES;
				"CODE_SIGN_IDENTITY[sdk=iphoneos*]" = "iPhone Developer";
				COPY_PHASE_STRIP = NO;
				DEBUG_INFORMATION_FORMAT = dwarf;
				ENABLE_STRICT_OBJC_MSGSEND = YES;
				ENABLE_TESTABILITY = YES;
				GCC_C_LANGUAGE_STANDARD = gnu99;
				GCC_DYNAMIC_NO_PIC = NO;
				GCC_NO_COMMON_BLOCKS = YES;
				GCC_OPTIMIZATION_LEVEL = 0;
				GCC_PREPROCESSOR_DEFINITIONS = (
					"DEBUG=1",
					"$(inherited)",
				);
				GCC_WARN_64_TO_32_BIT_CONVERSION = YES;
				GCC_WARN_ABOUT_RETURN_TYPE = YES_ERROR;
				GCC_WARN_UNDECLARED_SELECTOR = YES;
				GCC_WARN_UNINITIALIZED_AUTOS = YES_AGGRESSIVE;
				GCC_WARN_UNUSED_FUNCTION = YES;
				GCC_WARN_UNUSED_VARIABLE = YES;
				IPHONEOS_DEPLOYMENT_TARGET = 10.2;
				MTL_ENABLE_DEBUG_INFO = YES;
				ONLY_ACTIVE_ARCH = YES;
				SDKROOT = iphoneos;
				SWIFT_ACTIVE_COMPILATION_CONDITIONS = DEBUG;
				SWIFT_OPTIMIZATION_LEVEL = "-Onone";
				TARGETED_DEVICE_FAMILY = "1,2";
			};
			name = Debug;
		};
		6766BCC71E43DB2400E9479A /* Release */ = {
			isa = XCBuildConfiguration;
			buildSettings = {
				ALWAYS_SEARCH_USER_PATHS = NO;
				CLANG_ANALYZER_NONNULL = YES;
				CLANG_CXX_LANGUAGE_STANDARD = "gnu++0x";
				CLANG_CXX_LIBRARY = "libc++";
				CLANG_ENABLE_MODULES = YES;
				CLANG_ENABLE_OBJC_ARC = YES;
				CLANG_WARN_BOOL_CONVERSION = YES;
				CLANG_WARN_CONSTANT_CONVERSION = YES;
				CLANG_WARN_DIRECT_OBJC_ISA_USAGE = YES_ERROR;
				CLANG_WARN_DOCUMENTATION_COMMENTS = YES;
				CLANG_WARN_EMPTY_BODY = YES;
				CLANG_WARN_ENUM_CONVERSION = YES;
				CLANG_WARN_INFINITE_RECURSION = YES;
				CLANG_WARN_INT_CONVERSION = YES;
				CLANG_WARN_OBJC_ROOT_CLASS = YES_ERROR;
				CLANG_WARN_SUSPICIOUS_MOVE = YES;
				CLANG_WARN_UNREACHABLE_CODE = YES;
				CLANG_WARN__DUPLICATE_METHOD_MATCH = YES;
				"CODE_SIGN_IDENTITY[sdk=iphoneos*]" = "iPhone Developer";
				COPY_PHASE_STRIP = NO;
				DEBUG_INFORMATION_FORMAT = "dwarf-with-dsym";
				ENABLE_NS_ASSERTIONS = NO;
				ENABLE_STRICT_OBJC_MSGSEND = YES;
				GCC_C_LANGUAGE_STANDARD = gnu99;
				GCC_NO_COMMON_BLOCKS = YES;
				GCC_WARN_64_TO_32_BIT_CONVERSION = YES;
				GCC_WARN_ABOUT_RETURN_TYPE = YES_ERROR;
				GCC_WARN_UNDECLARED_SELECTOR = YES;
				GCC_WARN_UNINITIALIZED_AUTOS = YES_AGGRESSIVE;
				GCC_WARN_UNUSED_FUNCTION = YES;
				GCC_WARN_UNUSED_VARIABLE = YES;
				IPHONEOS_DEPLOYMENT_TARGET = 10.2;
				MTL_ENABLE_DEBUG_INFO = NO;
				SDKROOT = iphoneos;
				SWIFT_OPTIMIZATION_LEVEL = "-Owholemodule";
				TARGETED_DEVICE_FAMILY = "1,2";
				VALIDATE_PRODUCT = YES;
			};
			name = Release;
		};
		6766BCC91E43DB2400E9479A /* Debug */ = {
			isa = XCBuildConfiguration;
			baseConfigurationReference = 27ACC3E1D0DBBAED760DAC6D /* Pods-thumblr.debug.xcconfig */;
			buildSettings = {
				ASSETCATALOG_COMPILER_APPICON_NAME = AppIcon;
				DEVELOPMENT_TEAM = NQTW4CBNTU;
				INFOPLIST_FILE = thumblr/Info.plist;
				LD_RUNPATH_SEARCH_PATHS = "$(inherited) @executable_path/Frameworks";
				PRODUCT_BUNDLE_IDENTIFIER = lawchihon.thumblr;
				PRODUCT_NAME = "$(TARGET_NAME)";
				SWIFT_VERSION = 3.0;
			};
			name = Debug;
		};
		6766BCCA1E43DB2400E9479A /* Release */ = {
			isa = XCBuildConfiguration;
			baseConfigurationReference = B15057802FD514E6DB2A04D8 /* Pods-thumblr.release.xcconfig */;
			buildSettings = {
				ASSETCATALOG_COMPILER_APPICON_NAME = AppIcon;
				DEVELOPMENT_TEAM = NQTW4CBNTU;
				INFOPLIST_FILE = thumblr/Info.plist;
				LD_RUNPATH_SEARCH_PATHS = "$(inherited) @executable_path/Frameworks";
				PRODUCT_BUNDLE_IDENTIFIER = lawchihon.thumblr;
				PRODUCT_NAME = "$(TARGET_NAME)";
				SWIFT_VERSION = 3.0;
			};
			name = Release;
		};
/* End XCBuildConfiguration section */

/* Begin XCConfigurationList section */
		6766BCB11E43DB1600E9479A /* Build configuration list for PBXProject "thumblr" */ = {
			isa = XCConfigurationList;
			buildConfigurations = (
				6766BCC61E43DB2300E9479A /* Debug */,
				6766BCC71E43DB2400E9479A /* Release */,
			);
			defaultConfigurationIsVisible = 0;
			defaultConfigurationName = Release;
		};
		6766BCC81E43DB2400E9479A /* Build configuration list for PBXNativeTarget "thumblr" */ = {
			isa = XCConfigurationList;
			buildConfigurations = (
				6766BCC91E43DB2400E9479A /* Debug */,
				6766BCCA1E43DB2400E9479A /* Release */,
			);
			defaultConfigurationIsVisible = 0;
			defaultConfigurationName = Release;
		};
/* End XCConfigurationList section */
	};
	rootObject = 6766BCAE1E43DB1500E9479A /* Project object */;
}
